<Solution>
  <Folder Name="/src/">
    <Project Path="src/FesStarter.Api/FesStarter.Api.csproj" />
    <Project Path="src/FesStarter.AppHost/FesStarter.AppHost.csproj" />
    <Project Path="src/FesStarter.Core/FesStarter.Core.csproj" />
    <Project Path="src/FesStarter.Events/FesStarter.Events.csproj" />
    <Project Path="src/FesStarter.Inventory/FesStarter.Inventory.csproj" />
    <Project Path="src/FesStarter.Orders/FesStarter.Orders.csproj" />
    <Project Path="src/FesStarter.ServiceDefaults/FesStarter.ServiceDefaults.csproj" />
    <Project Path="src/FesStarter.Web/" Type="Website" DisplayName="FesStarter.Web">
      <BuildType Project="Debug" />
      <Properties Name="WebsiteProperties">
        <Property Name="Debug.AspNetCompiler.Debug" Value="&quot;True&quot;" />
        <Property Name="Debug.AspNetCompiler.FixedNames" Value="&quot;false&quot;" />
        <Property Name="Debug.AspNetCompiler.ForceOverwrite" Value="&quot;true&quot;" />
        <Property Name="Debug.AspNetCompiler.PhysicalPath" Value="&quot;src\FesStarter.Web\&quot;" />
        <Property Name="Debug.AspNetCompiler.TargetPath" Value="&quot;PrecompiledWeb\localhost_60007\&quot;" />
        <Property Name="Debug.AspNetCompiler.Updateable" Value="&quot;true&quot;" />
        <Property Name="Debug.AspNetCompiler.VirtualPath" Value="&quot;/localhost_60007&quot;" />
        <Property Name="Release.AspNetCompiler.Debug" Value="&quot;False&quot;" />
        <Property Name="Release.AspNetCompiler.FixedNames" Value="&quot;false&quot;" />
        <Property Name="Release.AspNetCompiler.ForceOverwrite" Value="&quot;true&quot;" />
        <Property Name="Release.AspNetCompiler.PhysicalPath" Value="&quot;src\FesStarter.Web\&quot;" />
        <Property Name="Release.AspNetCompiler.TargetPath" Value="&quot;PrecompiledWeb\localhost_60007\&quot;" />
        <Property Name="Release.AspNetCompiler.Updateable" Value="&quot;true&quot;" />
        <Property Name="Release.AspNetCompiler.VirtualPath" Value="&quot;/localhost_60007&quot;" />
        <Property Name="TargetFrameworkMoniker" Value="&quot;.NETFramework,Version%3Dv4.8&quot;" />
        <Property Name="VWDPort" Value="&quot;60007&quot;" />
      </Properties>
    </Project>
  </Folder>
  <Folder Name="/tests/">
    <Project Path="tests/FesStarter.Api.Tests/FesStarter.Api.Tests.csproj" />
  </Folder>
  <Project Path="../FileBasedEventStore/src/FileEventStore/FileEventStore.csproj" />
</Solution>
